# RedForge backend — fully pinned runtime dependency closure (direct + transitive).
#
# This is the reproducible install used by CI. It pins RedForge's runtime
# dependency graph at the versions the V1.2 suite was validated against.
#
# Regenerate in a CLEAN virtual environment (not a shared global one):
#     python -m venv .venv && . .venv/bin/activate
#     pip install -r requirements.txt
#     pip freeze > requirements.lock
# then re-add this header. (uvloop is a uvicorn[standard] extra on Linux/macOS;
# the standard extras are listed explicitly below so the lock is OS-portable.)

aiosqlite==0.22.1
alembic==1.18.4
annotated-types==0.7.0
anyio==4.13.0
certifi==2026.5.20
click==8.4.1
colorama==0.4.6 ; platform_system == "Windows"
fastapi==0.115.6
greenlet==3.5.1
h11==0.16.0
httpcore==1.0.9
httptools==0.8.0
httpx==0.28.1
idna==3.18
Mako==1.3.12
MarkupSafe==3.0.3
pydantic==2.10.4
pydantic-core==2.27.2
python-dotenv==1.0.1
python-multipart==0.0.32
PyYAML==6.0.3
sniffio==1.3.1
SQLAlchemy==2.0.51
starlette==0.41.3
typing-extensions==4.15.0
uvicorn==0.34.0
watchfiles==1.2.0
websockets==15.0.1
